// !$*UTF8*$!
{
	archiveVersion = 1;
	classes = {
	};
	objectVersion = 46;
	objects = {

/* Begin PBXAggregateTarget section */
		24416B8111C4CA220047AFDD /* Build & Test */ = {
			isa = PBXAggregateTarget;
			buildConfigurationList = 24416B8A11C4CA520047AFDD /* Build configuration list for PBXAggregateTarget "Build & Test" */;
			buildPhases = (
				24416B8011C4CA220047AFDD /* ShellScript */,
			);
			dependencies = (
				24416B8511C4CA280047AFDD /* PBXTargetDependency */,
			);
			name = "Build & Test";
			productName = "Build & test";
		};
/* End PBXAggregateTarget section */

/* Begin PBXBuildFile section */
		24DD6CF91134B3F500162E58 /* TiPaypalModule.h in Headers */ = {isa = PBXBuildFile; fileRef = 24DD6CF71134B3F500162E58 /* TiPaypalModule.h */; };
		24DD6CFA1134B3F500162E58 /* TiPaypalModule.m in Sources */ = {isa = PBXBuildFile; fileRef = 24DD6CF81134B3F500162E58 /* TiPaypalModule.m */; };
		24DE9E1111C5FE74003F90F6 /* TiPaypalModuleAssets.h in Headers */ = {isa = PBXBuildFile; fileRef = 24DE9E0F11C5FE74003F90F6 /* TiPaypalModuleAssets.h */; };
		24DE9E1211C5FE74003F90F6 /* TiPaypalModuleAssets.m in Sources */ = {isa = PBXBuildFile; fileRef = 24DE9E1011C5FE74003F90F6 /* TiPaypalModuleAssets.m */; };
		3AB2509C1CFB6EC200D892FF /* Accelerate.framework in Frameworks */ = {isa = PBXBuildFile; fileRef = 3AB2509B1CFB6EC200D892FF /* Accelerate.framework */; };
		3AB2509E1CFB6EC800D892FF /* AudioToolbox.framework in Frameworks */ = {isa = PBXBuildFile; fileRef = 3AB2509D1CFB6EC800D892FF /* AudioToolbox.framework */; };
		3AB250A61CFB6EEE00D892FF /* AVFoundation.framework in Frameworks */ = {isa = PBXBuildFile; fileRef = 3AB2509F1CFB6EEE00D892FF /* AVFoundation.framework */; };
		3AB250A71CFB6EEE00D892FF /* CoreLocation.framework in Frameworks */ = {isa = PBXBuildFile; fileRef = 3AB250A01CFB6EEE00D892FF /* CoreLocation.framework */; };
		3AB250A81CFB6EEE00D892FF /* CoreMedia.framework in Frameworks */ = {isa = PBXBuildFile; fileRef = 3AB250A11CFB6EEE00D892FF /* CoreMedia.framework */; };
		3AB250A91CFB6EEE00D892FF /* MessageUI.framework in Frameworks */ = {isa = PBXBuildFile; fileRef = 3AB250A21CFB6EEE00D892FF /* MessageUI.framework */; };
		3AB250AA1CFB6EEE00D892FF /* MobileCoreServices.framework in Frameworks */ = {isa = PBXBuildFile; fileRef = 3AB250A31CFB6EEE00D892FF /* MobileCoreServices.framework */; };
		3AB250AB1CFB6EEE00D892FF /* SafariServices.framework in Frameworks */ = {isa = PBXBuildFile; fileRef = 3AB250A41CFB6EEE00D892FF /* SafariServices.framework */; };
		3AB250AC1CFB6EEE00D892FF /* SystemConfiguration.framework in Frameworks */ = {isa = PBXBuildFile; fileRef = 3AB250A51CFB6EEE00D892FF /* SystemConfiguration.framework */; };
		3AB250AF1CFB742F00D892FF /* TiPaypalPaymentItemProxy.h in Headers */ = {isa = PBXBuildFile; fileRef = 3AB250AD1CFB742F00D892FF /* TiPaypalPaymentItemProxy.h */; };
		3AB250B01CFB742F00D892FF /* TiPaypalPaymentItemProxy.m in Sources */ = {isa = PBXBuildFile; fileRef = 3AB250AE1CFB742F00D892FF /* TiPaypalPaymentItemProxy.m */; };
		3AB250B51CFB768900D892FF /* TiPaypalPaymentProxy.h in Headers */ = {isa = PBXBuildFile; fileRef = 3AB250B31CFB768900D892FF /* TiPaypalPaymentProxy.h */; };
		3AB250B61CFB768900D892FF /* TiPaypalPaymentProxy.m in Sources */ = {isa = PBXBuildFile; fileRef = 3AB250B41CFB768900D892FF /* TiPaypalPaymentProxy.m */; };
		3AB250BA1CFB778A00D892FF /* TiPaypalConfigurationProxy.h in Headers */ = {isa = PBXBuildFile; fileRef = 3AB250B81CFB778A00D892FF /* TiPaypalConfigurationProxy.h */; };
		3AB250BB1CFB778A00D892FF /* TiPaypalConfigurationProxy.m in Sources */ = {isa = PBXBuildFile; fileRef = 3AB250B91CFB778A00D892FF /* TiPaypalConfigurationProxy.m */; };
		3AB250BF1CFB7C8500D892FF /* TiPaypalFuturePaymentProxy.h in Headers */ = {isa = PBXBuildFile; fileRef = 3AB250BD1CFB7C8500D892FF /* TiPaypalFuturePaymentProxy.h */; };
		3AB250C01CFB7C8500D892FF /* TiPaypalFuturePayment.m in Sources */ = {isa = PBXBuildFile; fileRef = 3AB250BE1CFB7C8500D892FF /* TiPaypalFuturePayment.m */; };
		3AB250C41CFB7D6C00D892FF /* TiPaypalProfileSharingProxy.h in Headers */ = {isa = PBXBuildFile; fileRef = 3AB250C21CFB7D6C00D892FF /* TiPaypalProfileSharingProxy.h */; };
		3AB250C51CFB7D6C00D892FF /* TiPaypalProfileSharingProxy.m in Sources */ = {isa = PBXBuildFile; fileRef = 3AB250C31CFB7D6C00D892FF /* TiPaypalProfileSharingProxy.m */; };
		AA747D9F0F9514B9006C5449 /* TiPaypal_Prefix.pch in Headers */ = {isa = PBXBuildFile; fileRef = AA747D9E0F9514B9006C5449 /* TiPaypal_Prefix.pch */; };
		AACBBE4A0F95108600F1A2B1 /* Foundation.framework in Frameworks */ = {isa = PBXBuildFile; fileRef = AACBBE490F95108600F1A2B1 /* Foundation.framework */; };
		DB254F761DAA4E4E00528FC5 /* libPayPalMobile.a in Frameworks */ = {isa = PBXBuildFile; fileRef = DB254F6E1DAA4E4E00528FC5 /* libPayPalMobile.a */; };
		DB254F771DAA4E4E00528FC5 /* PayPalConfiguration.h in Headers */ = {isa = PBXBuildFile; fileRef = DB254F6F1DAA4E4E00528FC5 /* PayPalConfiguration.h */; };
		DB254F781DAA4E4E00528FC5 /* PayPalFuturePaymentViewController.h in Headers */ = {isa = PBXBuildFile; fileRef = DB254F701DAA4E4E00528FC5 /* PayPalFuturePaymentViewController.h */; };
		DB254F791DAA4E4E00528FC5 /* PayPalMobile.h in Headers */ = {isa = PBXBuildFile; fileRef = DB254F711DAA4E4E00528FC5 /* PayPalMobile.h */; };
		DB254F7A1DAA4E4E00528FC5 /* PayPalOAuthScopes.h in Headers */ = {isa = PBXBuildFile; fileRef = DB254F721DAA4E4E00528FC5 /* PayPalOAuthScopes.h */; };
		DB254F7B1DAA4E4E00528FC5 /* PayPalPayment.h in Headers */ = {isa = PBXBuildFile; fileRef = DB254F731DAA4E4E00528FC5 /* PayPalPayment.h */; };
		DB254F7C1DAA4E4E00528FC5 /* PayPalPaymentViewController.h in Headers */ = {isa = PBXBuildFile; fileRef = DB254F741DAA4E4E00528FC5 /* PayPalPaymentViewController.h */; };
		DB254F7D1DAA4E4E00528FC5 /* PayPalProfileSharingViewController.h in Headers */ = {isa = PBXBuildFile; fileRef = DB254F751DAA4E4E00528FC5 /* PayPalProfileSharingViewController.h */; };
/* End PBXBuildFile section */

/* Begin PBXContainerItemProxy section */
		24416B8411C4CA280047AFDD /* PBXContainerItemProxy */ = {
			isa = PBXContainerItemProxy;
			containerPortal = 0867D690FE84028FC02AAC07 /* Project object */;
			proxyType = 1;
			remoteGlobalIDString = D2AAC07D0554694100DB518D;
			remoteInfo = ti.paypal;
		};
/* End PBXContainerItemProxy section */

/* Begin PBXFileReference section */
		24DD6CF71134B3F500162E58 /* TiPaypalModule.h */ = {isa = PBXFileReference; fileEncoding = 4; lastKnownFileType = sourcecode.c.h; name = TiPaypalModule.h; path = Classes/TiPaypalModule.h; sourceTree = "<group>"; };
		24DD6CF81134B3F500162E58 /* TiPaypalModule.m */ = {isa = PBXFileReference; fileEncoding = 4; lastKnownFileType = sourcecode.c.objc; name = TiPaypalModule.m; path = Classes/TiPaypalModule.m; sourceTree = "<group>"; };
		24DD6D1B1134B66800162E58 /* titanium.xcconfig */ = {isa = PBXFileReference; fileEncoding = 4; lastKnownFileType = text.xcconfig; path = titanium.xcconfig; sourceTree = "<group>"; };
		24DE9E0F11C5FE74003F90F6 /* TiPaypalModuleAssets.h */ = {isa = PBXFileReference; fileEncoding = 4; lastKnownFileType = sourcecode.c.h; name = TiPaypalModuleAssets.h; path = Classes/TiPaypalModuleAssets.h; sourceTree = "<group>"; };
		24DE9E1011C5FE74003F90F6 /* TiPaypalModuleAssets.m */ = {isa = PBXFileReference; fileEncoding = 4; lastKnownFileType = sourcecode.c.objc; name = TiPaypalModuleAssets.m; path = Classes/TiPaypalModuleAssets.m; sourceTree = "<group>"; };
		3AB2509B1CFB6EC200D892FF /* Accelerate.framework */ = {isa = PBXFileReference; lastKnownFileType = wrapper.framework; name = Accelerate.framework; path = System/Library/Frameworks/Accelerate.framework; sourceTree = SDKROOT; };
		3AB2509D1CFB6EC800D892FF /* AudioToolbox.framework */ = {isa = PBXFileReference; lastKnownFileType = wrapper.framework; name = AudioToolbox.framework; path = System/Library/Frameworks/AudioToolbox.framework; sourceTree = SDKROOT; };
		3AB2509F1CFB6EEE00D892FF /* AVFoundation.framework */ = {isa = PBXFileReference; lastKnownFileType = wrapper.framework; name = AVFoundation.framework; path = System/Library/Frameworks/AVFoundation.framework; sourceTree = SDKROOT; };
		3AB250A01CFB6EEE00D892FF /* CoreLocation.framework */ = {isa = PBXFileReference; lastKnownFileType = wrapper.framework; name = CoreLocation.framework; path = System/Library/Frameworks/CoreLocation.framework; sourceTree = SDKROOT; };
		3AB250A11CFB6EEE00D892FF /* CoreMedia.framework */ = {isa = PBXFileReference; lastKnownFileType = wrapper.framework; name = CoreMedia.framework; path = System/Library/Frameworks/CoreMedia.framework; sourceTree = SDKROOT; };
		3AB250A21CFB6EEE00D892FF /* MessageUI.framework */ = {isa = PBXFileReference; lastKnownFileType = wrapper.framework; name = MessageUI.framework; path = System/Library/Frameworks/MessageUI.framework; sourceTree = SDKROOT; };
		3AB250A31CFB6EEE00D892FF /* MobileCoreServices.framework */ = {isa = PBXFileReference; lastKnownFileType = wrapper.framework; name = MobileCoreServices.framework; path = System/Library/Frameworks/MobileCoreServices.framework; sourceTree = SDKROOT; };
		3AB250A41CFB6EEE00D892FF /* SafariServices.framework */ = {isa = PBXFileReference; lastKnownFileType = wrapper.framework; name = SafariServices.framework; path = System/Library/Frameworks/SafariServices.framework; sourceTree = SDKROOT; };
		3AB250A51CFB6EEE00D892FF /* SystemConfiguration.framework */ = {isa = PBXFileReference; lastKnownFileType = wrapper.framework; name = SystemConfiguration.framework; path = System/Library/Frameworks/SystemConfiguration.framework; sourceTree = SDKROOT; };
		3AB250AD1CFB742F00D892FF /* TiPaypalPaymentItemProxy.h */ = {isa = PBXFileReference; fileEncoding = 4; lastKnownFileType = sourcecode.c.h; name = TiPaypalPaymentItemProxy.h; path = Classes/TiPaypalPaymentItemProxy.h; sourceTree = "<group>"; };
		3AB250AE1CFB742F00D892FF /* TiPaypalPaymentItemProxy.m */ = {isa = PBXFileReference; fileEncoding = 4; lastKnownFileType = sourcecode.c.objc; name = TiPaypalPaymentItemProxy.m; path = Classes/TiPaypalPaymentItemProxy.m; sourceTree = "<group>"; };
		3AB250B31CFB768900D892FF /* TiPaypalPaymentProxy.h */ = {isa = PBXFileReference; fileEncoding = 4; lastKnownFileType = sourcecode.c.h; name = TiPaypalPaymentProxy.h; path = Classes/TiPaypalPaymentProxy.h; sourceTree = "<group>"; };
		3AB250B41CFB768900D892FF /* TiPaypalPaymentProxy.m */ = {isa = PBXFileReference; fileEncoding = 4; lastKnownFileType = sourcecode.c.objc; name = TiPaypalPaymentProxy.m; path = Classes/TiPaypalPaymentProxy.m; sourceTree = "<group>"; };
		3AB250B81CFB778A00D892FF /* TiPaypalConfigurationProxy.h */ = {isa = PBXFileReference; fileEncoding = 4; lastKnownFileType = sourcecode.c.h; name = TiPaypalConfigurationProxy.h; path = Classes/TiPaypalConfigurationProxy.h; sourceTree = "<group>"; };
		3AB250B91CFB778A00D892FF /* TiPaypalConfigurationProxy.m */ = {isa = PBXFileReference; fileEncoding = 4; lastKnownFileType = sourcecode.c.objc; name = TiPaypalConfigurationProxy.m; path = Classes/TiPaypalConfigurationProxy.m; sourceTree = "<group>"; };
		3AB250BD1CFB7C8500D892FF /* TiPaypalFuturePaymentProxy.h */ = {isa = PBXFileReference; fileEncoding = 4; lastKnownFileType = sourcecode.c.h; name = TiPaypalFuturePaymentProxy.h; path = Classes/TiPaypalFuturePaymentProxy.h; sourceTree = "<group>"; };
		3AB250BE1CFB7C8500D892FF /* TiPaypalFuturePayment.m */ = {isa = PBXFileReference; fileEncoding = 4; lastKnownFileType = sourcecode.c.objc; name = TiPaypalFuturePayment.m; path = Classes/TiPaypalFuturePayment.m; sourceTree = "<group>"; };
		3AB250C21CFB7D6C00D892FF /* TiPaypalProfileSharingProxy.h */ = {isa = PBXFileReference; fileEncoding = 4; lastKnownFileType = sourcecode.c.h; name = TiPaypalProfileSharingProxy.h; path = Classes/TiPaypalProfileSharingProxy.h; sourceTree = "<group>"; };
		3AB250C31CFB7D6C00D892FF /* TiPaypalProfileSharingProxy.m */ = {isa = PBXFileReference; fileEncoding = 4; lastKnownFileType = sourcecode.c.objc; name = TiPaypalProfileSharingProxy.m; path = Classes/TiPaypalProfileSharingProxy.m; sourceTree = "<group>"; };
		AA747D9E0F9514B9006C5449 /* TiPaypal_Prefix.pch */ = {isa = PBXFileReference; fileEncoding = 4; lastKnownFileType = sourcecode.c.h; path = TiPaypal_Prefix.pch; sourceTree = SOURCE_ROOT; };
		AACBBE490F95108600F1A2B1 /* Foundation.framework */ = {isa = PBXFileReference; lastKnownFileType = wrapper.framework; name = Foundation.framework; path = System/Library/Frameworks/Foundation.framework; sourceTree = SDKROOT; };
		D2AAC07E0554694100DB518D /* libTiPaypal.a */ = {isa = PBXFileReference; explicitFileType = archive.ar; includeInIndex = 0; path = libTiPaypal.a; sourceTree = BUILT_PRODUCTS_DIR; };
		DB254F6E1DAA4E4E00528FC5 /* libPayPalMobile.a */ = {isa = PBXFileReference; lastKnownFileType = archive.ar; path = libPayPalMobile.a; sourceTree = "<group>"; };
		DB254F6F1DAA4E4E00528FC5 /* PayPalConfiguration.h */ = {isa = PBXFileReference; fileEncoding = 4; lastKnownFileType = sourcecode.c.h; path = PayPalConfiguration.h; sourceTree = "<group>"; };
		DB254F701DAA4E4E00528FC5 /* PayPalFuturePaymentViewController.h */ = {isa = PBXFileReference; fileEncoding = 4; lastKnownFileType = sourcecode.c.h; path = PayPalFuturePaymentViewController.h; sourceTree = "<group>"; };
		DB254F711DAA4E4E00528FC5 /* PayPalMobile.h */ = {isa = PBXFileReference; fileEncoding = 4; lastKnownFileType = sourcecode.c.h; path = PayPalMobile.h; sourceTree = "<group>"; };
		DB254F721DAA4E4E00528FC5 /* PayPalOAuthScopes.h */ = {isa = PBXFileReference; fileEncoding = 4; lastKnownFileType = sourcecode.c.h; path = PayPalOAuthScopes.h; sourceTree = "<group>"; };
		DB254F731DAA4E4E00528FC5 /* PayPalPayment.h */ = {isa = PBXFileReference; fileEncoding = 4; lastKnownFileType = sourcecode.c.h; path = PayPalPayment.h; sourceTree = "<group>"; };
		DB254F741DAA4E4E00528FC5 /* PayPalPaymentViewController.h */ = {isa = PBXFileReference; fileEncoding = 4; lastKnownFileType = sourcecode.c.h; path = PayPalPaymentViewController.h; sourceTree = "<group>"; };
		DB254F751DAA4E4E00528FC5 /* PayPalProfileSharingViewController.h */ = {isa = PBXFileReference; fileEncoding = 4; lastKnownFileType = sourcecode.c.h; path = PayPalProfileSharingViewController.h; sourceTree = "<group>"; };
/* End PBXFileReference section */

/* Begin PBXFrameworksBuildPhase section */
		D2AAC07C0554694100DB518D /* Frameworks */ = {
			isa = PBXFrameworksBuildPhase;
			buildActionMask = 2147483647;
			files = (
				3AB250A61CFB6EEE00D892FF /* AVFoundation.framework in Frameworks */,
				3AB250A71CFB6EEE00D892FF /* CoreLocation.framework in Frameworks */,
				3AB250A81CFB6EEE00D892FF /* CoreMedia.framework in Frameworks */,
				3AB250A91CFB6EEE00D892FF /* MessageUI.framework in Frameworks */,
				3AB250AA1CFB6EEE00D892FF /* MobileCoreServices.framework in Frameworks */,
				3AB250AB1CFB6EEE00D892FF /* SafariServices.framework in Frameworks */,
				3AB250AC1CFB6EEE00D892FF /* SystemConfiguration.framework in Frameworks */,
				3AB2509E1CFB6EC800D892FF /* AudioToolbox.framework in Frameworks */,
				DB254F761DAA4E4E00528FC5 /* libPayPalMobile.a in Frameworks */,
				3AB2509C1CFB6EC200D892FF /* Accelerate.framework in Frameworks */,
				AACBBE4A0F95108600F1A2B1 /* Foundation.framework in Frameworks */,
			);
			runOnlyForDeploymentPostprocessing = 0;
		};
/* End PBXFrameworksBuildPhase section */

/* Begin PBXGroup section */
		034768DFFF38A50411DB9C8B /* Products */ = {
			isa = PBXGroup;
			children = (
				D2AAC07E0554694100DB518D /* libTiPaypal.a */,
			);
			name = Products;
			sourceTree = "<group>";
		};
		0867D691FE84028FC02AAC07 /* ti.paypal */ = {
			isa = PBXGroup;
			children = (
				08FB77AEFE84172EC02AAC07 /* Classes */,
				32C88DFF0371C24200C91783 /* Other Sources */,
				0867D69AFE84028FC02AAC07 /* Frameworks */,
				034768DFFF38A50411DB9C8B /* Products */,
			);
			name = ti.paypal;
			sourceTree = "<group>";
		};
		0867D69AFE84028FC02AAC07 /* Frameworks */ = {
			isa = PBXGroup;
			children = (
				3AB2509F1CFB6EEE00D892FF /* AVFoundation.framework */,
				3AB250A01CFB6EEE00D892FF /* CoreLocation.framework */,
				3AB250A11CFB6EEE00D892FF /* CoreMedia.framework */,
				3AB250A21CFB6EEE00D892FF /* MessageUI.framework */,
				3AB250A31CFB6EEE00D892FF /* MobileCoreServices.framework */,
				3AB250A41CFB6EEE00D892FF /* SafariServices.framework */,
				3AB250A51CFB6EEE00D892FF /* SystemConfiguration.framework */,
				3AB2509D1CFB6EC800D892FF /* AudioToolbox.framework */,
				3AB2509B1CFB6EC200D892FF /* Accelerate.framework */,
				AACBBE490F95108600F1A2B1 /* Foundation.framework */,
			);
			name = Frameworks;
			sourceTree = "<group>";
		};
		08FB77AEFE84172EC02AAC07 /* Classes */ = {
			isa = PBXGroup;
			children = (
				3A912FE11D57471600B18A54 /* PayPalMobile */,
				24DE9E0F11C5FE74003F90F6 /* TiPaypalModuleAssets.h */,
				24DE9E1011C5FE74003F90F6 /* TiPaypalModuleAssets.m */,
				24DD6CF71134B3F500162E58 /* TiPaypalModule.h */,
				24DD6CF81134B3F500162E58 /* TiPaypalModule.m */,
				3AB250B71CFB768D00D892FF /* Payment */,
				3AB250C11CFB7C8A00D892FF /* Future Payment */,
				3AB250C61CFB7D6F00D892FF /* Profile Sharing */,
				3AB250B11CFB743B00D892FF /* Payment Item */,
				3AB250BC1CFB778E00D892FF /* Payment Configuration */,
			);
			name = Classes;
			sourceTree = "<group>";
		};
		32C88DFF0371C24200C91783 /* Other Sources */ = {
			isa = PBXGroup;
			children = (
				AA747D9E0F9514B9006C5449 /* TiPaypal_Prefix.pch */,
				24DD6D1B1134B66800162E58 /* titanium.xcconfig */,
			);
			name = "Other Sources";
			sourceTree = "<group>";
		};
		3A912FE11D57471600B18A54 /* PayPalMobile */ = {
			isa = PBXGroup;
			children = (
				DB254F6E1DAA4E4E00528FC5 /* libPayPalMobile.a */,
				DB254F6F1DAA4E4E00528FC5 /* PayPalConfiguration.h */,
				DB254F701DAA4E4E00528FC5 /* PayPalFuturePaymentViewController.h */,
				DB254F711DAA4E4E00528FC5 /* PayPalMobile.h */,
				DB254F721DAA4E4E00528FC5 /* PayPalOAuthScopes.h */,
				DB254F731DAA4E4E00528FC5 /* PayPalPayment.h */,
				DB254F741DAA4E4E00528FC5 /* PayPalPaymentViewController.h */,
				DB254F751DAA4E4E00528FC5 /* PayPalProfileSharingViewController.h */,
			);
			name = PayPalMobile;
			path = platform/PayPalMobile;
			sourceTree = "<group>";
		};
		3AB250B11CFB743B00D892FF /* Payment Item */ = {
			isa = PBXGroup;
			children = (
				3AB250AD1CFB742F00D892FF /* TiPaypalPaymentItemProxy.h */,
				3AB250AE1CFB742F00D892FF /* TiPaypalPaymentItemProxy.m */,
			);
			name = "Payment Item";
			sourceTree = "<group>";
		};
		3AB250B71CFB768D00D892FF /* Payment */ = {
			isa = PBXGroup;
			children = (
				3AB250B31CFB768900D892FF /* TiPaypalPaymentProxy.h */,
				3AB250B41CFB768900D892FF /* TiPaypalPaymentProxy.m */,
			);
			name = Payment;
			sourceTree = "<group>";
		};
		3AB250BC1CFB778E00D892FF /* Payment Configuration */ = {
			isa = PBXGroup;
			children = (
				3AB250B81CFB778A00D892FF /* TiPaypalConfigurationProxy.h */,
				3AB250B91CFB778A00D892FF /* TiPaypalConfigurationProxy.m */,
			);
			name = "Payment Configuration";
			sourceTree = "<group>";
		};
		3AB250C11CFB7C8A00D892FF /* Future Payment */ = {
			isa = PBXGroup;
			children = (
				3AB250BD1CFB7C8500D892FF /* TiPaypalFuturePaymentProxy.h */,
				3AB250BE1CFB7C8500D892FF /* TiPaypalFuturePayment.m */,
			);
			name = "Future Payment";
			sourceTree = "<group>";
		};
		3AB250C61CFB7D6F00D892FF /* Profile Sharing */ = {
			isa = PBXGroup;
			children = (
				3AB250C21CFB7D6C00D892FF /* TiPaypalProfileSharingProxy.h */,
				3AB250C31CFB7D6C00D892FF /* TiPaypalProfileSharingProxy.m */,
			);
			name = "Profile Sharing";
			sourceTree = "<group>";
		};
/* End PBXGroup section */

/* Begin PBXHeadersBuildPhase section */
		D2AAC07A0554694100DB518D /* Headers */ = {
			isa = PBXHeadersBuildPhase;
			buildActionMask = 2147483647;
			files = (
				DB254F7B1DAA4E4E00528FC5 /* PayPalPayment.h in Headers */,
				DB254F791DAA4E4E00528FC5 /* PayPalMobile.h in Headers */,
				AA747D9F0F9514B9006C5449 /* TiPaypal_Prefix.pch in Headers */,
				3AB250BA1CFB778A00D892FF /* TiPaypalConfigurationProxy.h in Headers */,
				DB254F781DAA4E4E00528FC5 /* PayPalFuturePaymentViewController.h in Headers */,
				DB254F7C1DAA4E4E00528FC5 /* PayPalPaymentViewController.h in Headers */,
				3AB250C41CFB7D6C00D892FF /* TiPaypalProfileSharingProxy.h in Headers */,
				24DD6CF91134B3F500162E58 /* TiPaypalModule.h in Headers */,
				DB254F7A1DAA4E4E00528FC5 /* PayPalOAuthScopes.h in Headers */,
				DB254F771DAA4E4E00528FC5 /* PayPalConfiguration.h in Headers */,
				3AB250BF1CFB7C8500D892FF /* TiPaypalFuturePaymentProxy.h in Headers */,
				3AB250B51CFB768900D892FF /* TiPaypalPaymentProxy.h in Headers */,
				DB254F7D1DAA4E4E00528FC5 /* PayPalProfileSharingViewController.h in Headers */,
				3AB250AF1CFB742F00D892FF /* TiPaypalPaymentItemProxy.h in Headers */,
				24DE9E1111C5FE74003F90F6 /* TiPaypalModuleAssets.h in Headers */,
			);
			runOnlyForDeploymentPostprocessing = 0;
		};
/* End PBXHeadersBuildPhase section */

/* Begin PBXNativeTarget section */
		D2AAC07D0554694100DB518D /* ti.paypal */ = {
			isa = PBXNativeTarget;
			buildConfigurationList = 1DEB921E08733DC00010E9CD /* Build configuration list for PBXNativeTarget "ti.paypal" */;
			buildPhases = (
				D2AAC07A0554694100DB518D /* Headers */,
				D2AAC07B0554694100DB518D /* Sources */,
				D2AAC07C0554694100DB518D /* Frameworks */,
			);
			buildRules = (
			);
			dependencies = (
			);
			name = ti.paypal;
			productName = ti.paypal;
			productReference = D2AAC07E0554694100DB518D /* libTiPaypal.a */;
			productType = "com.apple.product-type.library.static";
		};
/* End PBXNativeTarget section */

/* Begin PBXProject section */
		0867D690FE84028FC02AAC07 /* Project object */ = {
			isa = PBXProject;
			attributes = {
				LastUpgradeCheck = 0800;
			};
			buildConfigurationList = 1DEB922208733DC00010E9CD /* Build configuration list for PBXProject "ti.paypal" */;
			compatibilityVersion = "Xcode 3.2";
			developmentRegion = English;
			hasScannedForEncodings = 1;
			knownRegions = (
				English,
				Japanese,
				French,
				German,
			);
			mainGroup = 0867D691FE84028FC02AAC07 /* ti.paypal */;
			productRefGroup = 034768DFFF38A50411DB9C8B /* Products */;
			projectDirPath = "";
			projectRoot = "";
			targets = (
				D2AAC07D0554694100DB518D /* ti.paypal */,
				24416B8111C4CA220047AFDD /* Build & Test */,
			);
		};
/* End PBXProject section */

/* Begin PBXShellScriptBuildPhase section */
		24416B8011C4CA220047AFDD /* ShellScript */ = {
			isa = PBXShellScriptBuildPhase;
			buildActionMask = 2147483647;
			files = (
			);
			inputPaths = (
			);
			outputPaths = (
			);
			runOnlyForDeploymentPostprocessing = 0;
			shellPath = /bin/sh;
			shellScript = "# shell script goes here\n\npython \"${TITANIUM_SDK}/titanium.py\" run --dir=\"${PROJECT_DIR}\"\nexit $?\n";
		};
/* End PBXShellScriptBuildPhase section */

/* Begin PBXSourcesBuildPhase section */
		D2AAC07B0554694100DB518D /* Sources */ = {
			isa = PBXSourcesBuildPhase;
			buildActionMask = 2147483647;
			files = (
				3AB250B01CFB742F00D892FF /* TiPaypalPaymentItemProxy.m in Sources */,
				24DD6CFA1134B3F500162E58 /* TiPaypalModule.m in Sources */,
				3AB250B61CFB768900D892FF /* TiPaypalPaymentProxy.m in Sources */,
				24DE9E1211C5FE74003F90F6 /* TiPaypalModuleAssets.m in Sources */,
				3AB250BB1CFB778A00D892FF /* TiPaypalConfigurationProxy.m in Sources */,
				3AB250C51CFB7D6C00D892FF /* TiPaypalProfileSharingProxy.m in Sources */,
				3AB250C01CFB7C8500D892FF /* TiPaypalFuturePayment.m in Sources */,
			);
			runOnlyForDeploymentPostprocessing = 0;
		};
/* End PBXSourcesBuildPhase section */

/* Begin PBXTargetDependency section */
		24416B8511C4CA280047AFDD /* PBXTargetDependency */ = {
			isa = PBXTargetDependency;
			target = D2AAC07D0554694100DB518D /* ti.paypal */;
			targetProxy = 24416B8411C4CA280047AFDD /* PBXContainerItemProxy */;
		};
/* End PBXTargetDependency section */

/* Begin XCBuildConfiguration section */
		1DEB921F08733DC00010E9CD /* Debug */ = {
			isa = XCBuildConfiguration;
			baseConfigurationReference = 24DD6D1B1134B66800162E58 /* titanium.xcconfig */;
			buildSettings = {
				CLANG_ENABLE_MODULES = YES;
				CODE_SIGN_IDENTITY = "iPhone Developer";
				"CODE_SIGN_IDENTITY[sdk=iphoneos*]" = "iPhone Developer";
				DSTROOT = /tmp/TiPaypal.dst;
				GCC_C_LANGUAGE_STANDARD = c99;
				GCC_OPTIMIZATION_LEVEL = 0;
				GCC_PRECOMPILE_PREFIX_HEADER = YES;
				GCC_PREFIX_HEADER = TiPaypal_Prefix.pch;
				GCC_PREPROCESSOR_DEFINITIONS = "TI_VERSION=$(TI_VERSION)";
				GCC_TREAT_WARNINGS_AS_ERRORS = NO;
				GCC_VERSION = "";
				GCC_WARN_ABOUT_RETURN_TYPE = NO;
				GCC_WARN_MISSING_PARENTHESES = NO;
				GCC_WARN_SHADOW = NO;
				GCC_WARN_STRICT_SELECTOR_MATCH = NO;
				GCC_WARN_UNUSED_FUNCTION = YES;
				GCC_WARN_UNUSED_PARAMETER = NO;
				GCC_WARN_UNUSED_VALUE = NO;
				GCC_WARN_UNUSED_VARIABLE = NO;
				INSTALL_PATH = /usr/local/lib;
				IPHONEOS_DEPLOYMENT_TARGET = 6.0;
				LIBRARY_SEARCH_PATHS = "$(PROJECT_DIR)/platform/PayPalMobile";
				OTHER_CFLAGS = (
					"-DDEBUG",
					"-DTI_POST_1_2",
				);
				OTHER_LDFLAGS = (
					"-ObjC",
					"-lc++",
				);
				PRODUCT_NAME = TiPaypal;
				PROVISIONING_PROFILE = "";
				"PROVISIONING_PROFILE[sdk=iphoneos*]" = "";
				RUN_CLANG_STATIC_ANALYZER = NO;
				SDKROOT = iphoneos;
				USER_HEADER_SEARCH_PATHS = "";
			};
			name = Debug;
		};
		1DEB922008733DC00010E9CD /* Release */ = {
			isa = XCBuildConfiguration;
			baseConfigurationReference = 24DD6D1B1134B66800162E58 /* titanium.xcconfig */;
			buildSettings = {
				ALWAYS_SEARCH_USER_PATHS = NO;
				CLANG_ENABLE_MODULES = YES;
				DSTROOT = /tmp/TiPaypal.dst;
				GCC_C_LANGUAGE_STANDARD = c99;
				GCC_MODEL_TUNING = G5;
				GCC_PRECOMPILE_PREFIX_HEADER = YES;
				GCC_PREFIX_HEADER = TiPaypal_Prefix.pch;
				GCC_PREPROCESSOR_DEFINITIONS = "TI_VERSION=$(TI_VERSION)";
				GCC_TREAT_WARNINGS_AS_ERRORS = NO;
				GCC_VERSION = "";
				GCC_WARN_ABOUT_RETURN_TYPE = NO;
				GCC_WARN_MISSING_PARENTHESES = NO;
				GCC_WARN_SHADOW = NO;
				GCC_WARN_STRICT_SELECTOR_MATCH = NO;
				GCC_WARN_UNUSED_FUNCTION = YES;
				GCC_WARN_UNUSED_PARAMETER = NO;
				GCC_WARN_UNUSED_VALUE = NO;
				GCC_WARN_UNUSED_VARIABLE = NO;
				INSTALL_PATH = /usr/local/lib;
				IPHONEOS_DEPLOYMENT_TARGET = 6.0;
				LIBRARY_SEARCH_PATHS = "$(PROJECT_DIR)/platform/PayPalMobile";
				OTHER_CFLAGS = "-DTI_POST_1_2";
				OTHER_LDFLAGS = (
					"-ObjC",
					"-lc++",
				);
				PRODUCT_NAME = TiPaypal;
				RUN_CLANG_STATIC_ANALYZER = NO;
				SDKROOT = iphoneos;
				USER_HEADER_SEARCH_PATHS = "";
			};
			name = Release;
		};
		1DEB922308733DC00010E9CD /* Debug */ = {
			isa = XCBuildConfiguration;
			baseConfigurationReference = 24DD6D1B1134B66800162E58 /* titanium.xcconfig */;
			buildSettings = {
				CLANG_ANALYZER_LOCALIZABILITY_NONLOCALIZED = YES;
				CLANG_CXX_LIBRARY = "compiler-default";
				CLANG_WARN_BOOL_CONVERSION = YES;
				CLANG_WARN_CONSTANT_CONVERSION = YES;
				CLANG_WARN_EMPTY_BODY = YES;
				CLANG_WARN_ENUM_CONVERSION = YES;
				CLANG_WARN_INFINITE_RECURSION = YES;
				CLANG_WARN_INT_CONVERSION = YES;
				CLANG_WARN_SUSPICIOUS_MOVE = YES;
				CLANG_WARN_UNREACHABLE_CODE = YES;
				CLANG_WARN__DUPLICATE_METHOD_MATCH = YES;
				CODE_SIGN_IDENTITY = "iPhone Developer";
				"CODE_SIGN_IDENTITY[sdk=iphoneos*]" = "iPhone Developer";
				DSTROOT = /tmp/TiPaypal.dst;
				ENABLE_STRICT_OBJC_MSGSEND = YES;
				ENABLE_TESTABILITY = YES;
				GCC_C_LANGUAGE_STANDARD = c99;
				GCC_NO_COMMON_BLOCKS = YES;
				GCC_OPTIMIZATION_LEVEL = 0;
				GCC_PRECOMPILE_PREFIX_HEADER = YES;
				GCC_PREFIX_HEADER = TiPaypal_Prefix.pch;
				GCC_PREPROCESSOR_DEFINITIONS = "TI_VERSION=$(TI_VERSION)";
				GCC_TREAT_WARNINGS_AS_ERRORS = NO;
				GCC_VERSION = "";
				GCC_WARN_64_TO_32_BIT_CONVERSION = YES;
				GCC_WARN_ABOUT_RETURN_TYPE = NO;
				GCC_WARN_MISSING_PARENTHESES = NO;
				GCC_WARN_SHADOW = NO;
				GCC_WARN_STRICT_SELECTOR_MATCH = NO;
				GCC_WARN_UNDECLARED_SELECTOR = YES;
				GCC_WARN_UNINITIALIZED_AUTOS = YES;
				GCC_WARN_UNUSED_FUNCTION = YES;
				GCC_WARN_UNUSED_PARAMETER = NO;
				GCC_WARN_UNUSED_VALUE = NO;
				GCC_WARN_UNUSED_VARIABLE = NO;
				INSTALL_PATH = /usr/local/lib;
				ONLY_ACTIVE_ARCH = YES;
				OTHER_CFLAGS = (
					"-DDEBUG",
					"-DTI_POST_1_2",
				);
				OTHER_LDFLAGS = "-ObjC";
				PRODUCT_NAME = TiPaypal;
				PROVISIONING_PROFILE = "";
				"PROVISIONING_PROFILE[sdk=iphoneos*]" = "";
				RUN_CLANG_STATIC_ANALYZER = NO;
				SDKROOT = iphoneos;
				USER_HEADER_SEARCH_PATHS = "";
			};
			name = Debug;
		};
		1DEB922408733DC00010E9CD /* Release */ = {
			isa = XCBuildConfiguration;
			baseConfigurationReference = 24DD6D1B1134B66800162E58 /* titanium.xcconfig */;
			buildSettings = {
				ALWAYS_SEARCH_USER_PATHS = NO;
				CLANG_ANALYZER_LOCALIZABILITY_NONLOCALIZED = YES;
				CLANG_CXX_LIBRARY = "compiler-default";
				CLANG_WARN_BOOL_CONVERSION = YES;
				CLANG_WARN_CONSTANT_CONVERSION = YES;
				CLANG_WARN_EMPTY_BODY = YES;
				CLANG_WARN_ENUM_CONVERSION = YES;
				CLANG_WARN_INFINITE_RECURSION = YES;
				CLANG_WARN_INT_CONVERSION = YES;
				CLANG_WARN_SUSPICIOUS_MOVE = YES;
				CLANG_WARN_UNREACHABLE_CODE = YES;
				CLANG_WARN__DUPLICATE_METHOD_MATCH = YES;
				DSTROOT = /tmp/TiPaypal.dst;
				ENABLE_STRICT_OBJC_MSGSEND = YES;
				GCC_C_LANGUAGE_STANDARD = c99;
				GCC_MODEL_TUNING = G5;
				GCC_NO_COMMON_BLOCKS = YES;
				GCC_PRECOMPILE_PREFIX_HEADER = YES;
				GCC_PREFIX_HEADER = TiPaypal_Prefix.pch;
				GCC_PREPROCESSOR_DEFINITIONS = "TI_VERSION=$(TI_VERSION)";
				GCC_TREAT_WARNINGS_AS_ERRORS = NO;
				GCC_VERSION = "";
				GCC_WARN_64_TO_32_BIT_CONVERSION = YES;
				GCC_WARN_ABOUT_RETURN_TYPE = NO;
				GCC_WARN_MISSING_PARENTHESES = NO;
				GCC_WARN_SHADOW = NO;
				GCC_WARN_STRICT_SELECTOR_MATCH = NO;
				GCC_WARN_UNDECLARED_SELECTOR = YES;
				GCC_WARN_UNINITIALIZED_AUTOS = YES;
				GCC_WARN_UNUSED_FUNCTION = YES;
				GCC_WARN_UNUSED_PARAMETER = NO;
				GCC_WARN_UNUSED_VALUE = NO;
				GCC_WARN_UNUSED_VARIABLE = NO;
				INSTALL_PATH = /usr/local/lib;
				IPHONEOS_DEPLOYMENT_TARGET = 6.0;
				OTHER_CFLAGS = "-DTI_POST_1_2";
				OTHER_LDFLAGS = "-ObjC";
				PRODUCT_NAME = TiPaypal;
				RUN_CLANG_STATIC_ANALYZER = NO;
				SDKROOT = iphoneos;
				USER_HEADER_SEARCH_PATHS = "";
			};
			name = Release;
		};
		24416B8211C4CA220047AFDD /* Debug */ = {
			isa = XCBuildConfiguration;
			baseConfigurationReference = 24DD6D1B1134B66800162E58 /* titanium.xcconfig */;
			buildSettings = {
				COPY_PHASE_STRIP = NO;
				GCC_DYNAMIC_NO_PIC = NO;
				GCC_OPTIMIZATION_LEVEL = 0;
				PRODUCT_NAME = "Build & test";
			};
			name = Debug;
		};
		24416B8311C4CA220047AFDD /* Release */ = {
			isa = XCBuildConfiguration;
			baseConfigurationReference = 24DD6D1B1134B66800162E58 /* titanium.xcconfig */;
			buildSettings = {
				COPY_PHASE_STRIP = YES;
				DEBUG_INFORMATION_FORMAT = "dwarf-with-dsym";
				GCC_ENABLE_FIX_AND_CONTINUE = NO;
				PRODUCT_NAME = "Build & test";
				ZERO_LINK = NO;
			};
			name = Release;
		};
/* End XCBuildConfiguration section */

/* Begin XCConfigurationList section */
		1DEB921E08733DC00010E9CD /* Build configuration list for PBXNativeTarget "ti.paypal" */ = {
			isa = XCConfigurationList;
			buildConfigurations = (
				1DEB921F08733DC00010E9CD /* Debug */,
				1DEB922008733DC00010E9CD /* Release */,
			);
			defaultConfigurationIsVisible = 0;
			defaultConfigurationName = Release;
		};
		1DEB922208733DC00010E9CD /* Build configuration list for PBXProject "ti.paypal" */ = {
			isa = XCConfigurationList;
			buildConfigurations = (
				1DEB922308733DC00010E9CD /* Debug */,
				1DEB922408733DC00010E9CD /* Release */,
			);
			defaultConfigurationIsVisible = 0;
			defaultConfigurationName = Release;
		};
		24416B8A11C4CA520047AFDD /* Build configuration list for PBXAggregateTarget "Build & Test" */ = {
			isa = XCConfigurationList;
			buildConfigurations = (
				24416B8211C4CA220047AFDD /* Debug */,
				24416B8311C4CA220047AFDD /* Release */,
			);
			defaultConfigurationIsVisible = 0;
			defaultConfigurationName = Release;
		};
/* End XCConfigurationList section */
	};
	rootObject = 0867D690FE84028FC02AAC07 /* Project object */;
}
